{
  "requires": true,
  "lockfileVersion": 1,
  "dependencies": {
    "gsap": {
      "version": "2.1.3",
      "resolved": "https://registry.npmjs.org/gsap/-/gsap-2.1.3.tgz",
      "integrity": "sha512-8RFASCqi2FOCBuv7X4o7M6bLdy+1hbR0azg+MG7zz+EVsI+OmJblYsTk0GEepQd2Jg/ItMPiVTibF7r3EVxjZQ=="
    },
    "three-stl-loader": {
      "version": "1.0.6",
      "resolved": "https://registry.npmjs.org/three-stl-loader/-/three-stl-loader-1.0.6.tgz",
      "integrity": "sha512-Z5Tc41XwYkR7we7Igz9Ck0Gw931aMePpPA2piaixUBOqteztlnh5onH/op5UrTdlOjs6GnKR6DBHZ4plUEh4bA=="
    }
  }
}
