
Microsoft Visual Studio Solution File, Format Version 12.00
# Visual Studio 15
VisualStudioVersion = 15.0.28010.2046
MinimumVisualStudioVersion = 10.0.40219.1
Project("{2150E333-8FDC-42A3-9474-1A3956D46DE8}") = "SMK", "SMK", "{24395619-60D3-4B76-9D4E-B05A2AF4181D}"
	ProjectSection(SolutionItems) = preProject
		index.html = index.html
		main.css = main.css
		script.js = script.js
		server.py = server.py
	EndProjectSection
EndProject
Global
	GlobalSection(SolutionProperties) = preSolution
		HideSolutionNode = FALSE
	EndGlobalSection
	GlobalSection(ExtensibilityGlobals) = postSolution
		SolutionGuid = {C85EA8DC-7B8D-412D-9D27-8A3AE2CE00C7}
	EndGlobalSection
EndGlobal
